
Microsoft Visual Studio Solution File, Format Version 12.00
# Visual Studio Version 17
VisualStudioVersion = 17.8.34330.188
MinimumVisualStudioVersion = 10.0.40219.1
Project("{9A19103F-16F7-4668-BE54-9A1E7A4F7556}") = "CramerClassification", "CramerClassification\CramerClassification.csproj", "{2BD87C7E-9730-4609-9A65-19E98DE5FDBD}"
EndProject
Project("{9A19103F-16F7-4668-BE54-9A1E7A4F7556}") = "CramerClassifier.Tests", "CramerClassifier.Tests\CramerClassifier.Tests.csproj", "{7DD82524-86B1-4438-BE30-C78D0596160B}"
EndProject
Project("{2150E333-8FDC-42A3-9474-1A3956D46DE8}") = "Solution Items", "Solution Items", "{26D2184B-7DDB-42C4-A363-C01BABC5EF5E}"
	ProjectSection(SolutionItems) = preProject
		README.md = README.md
	EndProjectSection
EndProject
Global
	GlobalSection(SolutionConfigurationPlatforms) = preSolution
		Debug|Any CPU = Debug|Any CPU
		Release|Any CPU = Release|Any CPU
	EndGlobalSection
	GlobalSection(ProjectConfigurationPlatforms) = postSolution
		{2BD87C7E-9730-4609-9A65-19E98DE5FDBD}.Debug|Any CPU.ActiveCfg = Debug|Any CPU
		{2BD87C7E-9730-4609-9A65-19E98DE5FDBD}.Debug|Any CPU.Build.0 = Debug|Any CPU
		{2BD87C7E-9730-4609-9A65-19E98DE5FDBD}.Release|Any CPU.ActiveCfg = Release|Any CPU
		{2BD87C7E-9730-4609-9A65-19E98DE5FDBD}.Release|Any CPU.Build.0 = Release|Any CPU
		{7DD82524-86B1-4438-BE30-C78D0596160B}.Debug|Any CPU.ActiveCfg = Debug|Any CPU
		{7DD82524-86B1-4438-BE30-C78D0596160B}.Debug|Any CPU.Build.0 = Debug|Any CPU
		{7DD82524-86B1-4438-BE30-C78D0596160B}.Release|Any CPU.ActiveCfg = Release|Any CPU
		{7DD82524-86B1-4438-BE30-C78D0596160B}.Release|Any CPU.Build.0 = Release|Any CPU
	EndGlobalSection
	GlobalSection(SolutionProperties) = preSolution
		HideSolutionNode = FALSE
	EndGlobalSection
	GlobalSection(ExtensibilityGlobals) = postSolution
		SolutionGuid = {F0FF807D-9110-4EF2-916A-08089027AFEE}
	EndGlobalSection
EndGlobal
